
Microsoft Visual Studio Solution File, Format Version 12.00
# Visual Studio Version 17
VisualStudioVersion = 17.14.36623.8 d17.14
MinimumVisualStudioVersion = 10.0.40219.1
Project("{FAE04EC0-301F-11D3-BF4B-00C04F79EFBC}") = "AspnetCoreWebApi", "AspnetCoreWebApi\AspnetCoreWebApi.csproj", "{7475F7BA-9FFA-47E6-9DD5-064B2A13018E}"
EndProject
Global
	GlobalSection(SolutionConfigurationPlatforms) = preSolution
		Debug|Any CPU = Debug|Any CPU
		Release|Any CPU = Release|Any CPU
	EndGlobalSection
	GlobalSection(ProjectConfigurationPlatforms) = postSolution
		{7475F7BA-9FFA-47E6-9DD5-064B2A13018E}.Debug|Any CPU.ActiveCfg = Debug|Any CPU
		{7475F7BA-9FFA-47E6-9DD5-064B2A13018E}.Debug|Any CPU.Build.0 = Debug|Any CPU
		{7475F7BA-9FFA-47E6-9DD5-064B2A13018E}.Release|Any CPU.ActiveCfg = Release|Any CPU
		{7475F7BA-9FFA-47E6-9DD5-064B2A13018E}.Release|Any CPU.Build.0 = Release|Any CPU
	EndGlobalSection
	GlobalSection(SolutionProperties) = preSolution
		HideSolutionNode = FALSE
	EndGlobalSection
	GlobalSection(ExtensibilityGlobals) = postSolution
		SolutionGuid = {F4D8A8AB-D671-4167-BE44-D82F57D7CAB5}
	EndGlobalSection
EndGlobal
